{
  "name": "usingcalc",
  "version": "1.0.0",
  "lockfileVersion": 1,
  "requires": true,
  "dependencies": {
    "mycalcmodule3": {
      "version": "0.0.2",
      "resolved": "https://registry.npmjs.org/mycalcmodule3/-/mycalcmodule3-0.0.2.tgz",
      "integrity": "sha512-qx+lwMjBW+MF50ity1nh6ymgtz+ahS0GSzgbmcI0f945NgqJOg5P53jSIkxqQ2glFVg4r9SLNhOzVLI9tN7l5g=="
    }
  }
}
